
Microsoft Visual Studio Solution File, Format Version 12.00
# Visual Studio Version 17
VisualStudioVersion = 17.2.32630.192
MinimumVisualStudioVersion = 10.0.40219.1
Project("{9A19103F-16F7-4668-BE54-9A1E7A4F7556}") = "R5T.E0067.Construction", "R5T.E0067.Construction\R5T.E0067.Construction.csproj", "{7E61553B-58EC-477C-B8E9-CBA365FAED6A}"
EndProject
Project("{9A19103F-16F7-4668-BE54-9A1E7A4F7556}") = "R5T.E0067", "R5T.E0067\R5T.E0067.csproj", "{A093DAC9-5831-4B34-8478-C4E084E5AF56}"
EndProject
Project("{2150E333-8FDC-42A3-9474-1A3956D46DE8}") = "_Dependencies", "_Dependencies", "{F3FAF5C5-339D-465E-8E95-A8333334EBC4}"
EndProject
Project("{9A19103F-16F7-4668-BE54-9A1E7A4F7556}") = "R5T.T0132", "..\..\R5T.T0132\source\R5T.T0132\R5T.T0132.csproj", "{FD0B79B7-C534-46DC-BF23-361E2125DA04}"
EndProject
Project("{9A19103F-16F7-4668-BE54-9A1E7A4F7556}") = "R5T.T0143", "..\..\R5T.T0143\source\R5T.T0143\R5T.T0143.csproj", "{148A1A91-6C82-4043-B9BF-CF36BB1D271F}"
EndProject
Project("{9A19103F-16F7-4668-BE54-9A1E7A4F7556}") = "R5T.T0141", "..\..\R5T.T0141\source\R5T.T0141\R5T.T0141.csproj", "{DA2B7097-9ACC-41D9-B946-DB6721A260F5}"
EndProject
Global
	GlobalSection(NestedProjects) = preSolution
		{FD0B79B7-C534-46DC-BF23-361E2125DA04} = {F3FAF5C5-339D-465E-8E95-A8333334EBC4}
		{148A1A91-6C82-4043-B9BF-CF36BB1D271F} = {F3FAF5C5-339D-465E-8E95-A8333334EBC4}
		{DA2B7097-9ACC-41D9-B946-DB6721A260F5} = {F3FAF5C5-339D-465E-8E95-A8333334EBC4}
	EndGlobalSection
	GlobalSection(SolutionConfigurationPlatforms) = preSolution
		Debug|Any CPU = Debug|Any CPU
		Release|Any CPU = Release|Any CPU
	EndGlobalSection
	GlobalSection(ProjectConfigurationPlatforms) = postSolution
		{7E61553B-58EC-477C-B8E9-CBA365FAED6A}.Debug|Any CPU.ActiveCfg = Debug|Any CPU
		{7E61553B-58EC-477C-B8E9-CBA365FAED6A}.Debug|Any CPU.Build.0 = Debug|Any CPU
		{7E61553B-58EC-477C-B8E9-CBA365FAED6A}.Release|Any CPU.ActiveCfg = Release|Any CPU
		{7E61553B-58EC-477C-B8E9-CBA365FAED6A}.Release|Any CPU.Build.0 = Release|Any CPU
		{A093DAC9-5831-4B34-8478-C4E084E5AF56}.Debug|Any CPU.ActiveCfg = Debug|Any CPU
		{A093DAC9-5831-4B34-8478-C4E084E5AF56}.Debug|Any CPU.Build.0 = Debug|Any CPU
		{A093DAC9-5831-4B34-8478-C4E084E5AF56}.Release|Any CPU.ActiveCfg = Release|Any CPU
		{A093DAC9-5831-4B34-8478-C4E084E5AF56}.Release|Any CPU.Build.0 = Release|Any CPU
		{FD0B79B7-C534-46DC-BF23-361E2125DA04}.Debug|Any CPU.ActiveCfg = Debug|Any CPU
		{FD0B79B7-C534-46DC-BF23-361E2125DA04}.Debug|Any CPU.Build.0 = Debug|Any CPU
		{FD0B79B7-C534-46DC-BF23-361E2125DA04}.Release|Any CPU.ActiveCfg = Release|Any CPU
		{FD0B79B7-C534-46DC-BF23-361E2125DA04}.Release|Any CPU.Build.0 = Release|Any CPU
		{148A1A91-6C82-4043-B9BF-CF36BB1D271F}.Debug|Any CPU.ActiveCfg = Debug|Any CPU
		{148A1A91-6C82-4043-B9BF-CF36BB1D271F}.Debug|Any CPU.Build.0 = Debug|Any CPU
		{148A1A91-6C82-4043-B9BF-CF36BB1D271F}.Release|Any CPU.ActiveCfg = Release|Any CPU
		{148A1A91-6C82-4043-B9BF-CF36BB1D271F}.Release|Any CPU.Build.0 = Release|Any CPU
		{DA2B7097-9ACC-41D9-B946-DB6721A260F5}.Debug|Any CPU.ActiveCfg = Debug|Any CPU
		{DA2B7097-9ACC-41D9-B946-DB6721A260F5}.Debug|Any CPU.Build.0 = Debug|Any CPU
		{DA2B7097-9ACC-41D9-B946-DB6721A260F5}.Release|Any CPU.ActiveCfg = Release|Any CPU
		{DA2B7097-9ACC-41D9-B946-DB6721A260F5}.Release|Any CPU.Build.0 = Release|Any CPU
	EndGlobalSection
	GlobalSection(SolutionProperties) = preSolution
		HideSolutionNode = FALSE
	EndGlobalSection
	GlobalSection(ExtensibilityGlobals) = postSolution
		SolutionGuid = {D8811E07-67F4-4C6C-9A1C-894162CFD8AB}
	EndGlobalSection
EndGlobal
